
Microsoft Visual Studio Solution File, Format Version 12.00
# Visual Studio Version 17
VisualStudioVersion = 17.5.33530.505
MinimumVisualStudioVersion = 10.0.40219.1
Project("{9A19103F-16F7-4668-BE54-9A1E7A4F7556}") = "BigONotationAlgorithm", "BigONotationAlgorithm\BigONotationAlgorithm.csproj", "{03D4607F-FCBE-4368-920C-F0A3C7FDF0F8}"
EndProject
Project("{9A19103F-16F7-4668-BE54-9A1E7A4F7556}") = "ArraysExcercise", "ArraysExcercise\ArraysExcercise.csproj", "{60374C20-87D9-451F-96E6-E218F842968C}"
EndProject
Project("{9A19103F-16F7-4668-BE54-9A1E7A4F7556}") = "LinkedListExcercise", "LinkedListExcercise\LinkedListExcercise.csproj", "{38AAE2D8-37BC-4095-A059-3F8CA2DEB67D}"
EndProject
Project("{9A19103F-16F7-4668-BE54-9A1E7A4F7556}") = "ArrayComparisonAlgorithm", "ArrayComparisonAlgorithm\ArrayComparisonAlgorithm.csproj", "{C3AB7A18-B153-4625-B78F-3F25B2312133}"
EndProject
Project("{9A19103F-16F7-4668-BE54-9A1E7A4F7556}") = "GoogleInterviewExcercise", "GoogleInterviewExcercise\GoogleInterviewExcercise.csproj", "{EEDAAA8C-577D-4C61-9A0B-C0C49EDED07D}"
EndProject
Project("{9A19103F-16F7-4668-BE54-9A1E7A4F7556}") = "ArrayChallenge", "ArrayChallenge\ArrayChallenge.csproj", "{69ABC71E-0E58-4E02-ACA9-4821A129B736}"
EndProject
Project("{9A19103F-16F7-4668-BE54-9A1E7A4F7556}") = "ArrayManipulations", "ArrayManipulations\ArrayManipulations.csproj", "{277EC9EF-932F-4746-B0EC-C0F085851127}"
EndProject
Project("{9A19103F-16F7-4668-BE54-9A1E7A4F7556}") = "BuildArray", "BuildArray\BuildArray.csproj", "{B67EEEAA-F360-4AB5-BE8F-30E6C3C348A7}"
EndProject
Project("{FAE04EC0-301F-11D3-BF4B-00C04F79EFBC}") = "ArrayRotationAlgorithm", "ArrayRotationAlgorithm\ArrayRotationAlgorithm.csproj", "{5909A6BE-7097-4E15-BDAB-8411831BA16A}"
EndProject
Project("{FAE04EC0-301F-11D3-BF4B-00C04F79EFBC}") = "Frog_Jump_Algorithm", "Frog_Jump_Algorithm\Frog_Jump_Algorithm.csproj", "{A6A3DE68-8E84-4824-8379-CD44BEEFC855}"
EndProject
Project("{FAE04EC0-301F-11D3-BF4B-00C04F79EFBC}") = "Odd_Occurency_In_Array", "Odd_Occurency_In_Array\Odd_Occurency_In_Array.csproj", "{019B901E-E68D-4AF4-A0CC-FF65D79AA2E7}"
EndProject
Global
	GlobalSection(SolutionConfigurationPlatforms) = preSolution
		Debug|Any CPU = Debug|Any CPU
		Release|Any CPU = Release|Any CPU
	EndGlobalSection
	GlobalSection(ProjectConfigurationPlatforms) = postSolution
		{03D4607F-FCBE-4368-920C-F0A3C7FDF0F8}.Debug|Any CPU.ActiveCfg = Debug|Any CPU
		{03D4607F-FCBE-4368-920C-F0A3C7FDF0F8}.Debug|Any CPU.Build.0 = Debug|Any CPU
		{03D4607F-FCBE-4368-920C-F0A3C7FDF0F8}.Release|Any CPU.ActiveCfg = Release|Any CPU
		{03D4607F-FCBE-4368-920C-F0A3C7FDF0F8}.Release|Any CPU.Build.0 = Release|Any CPU
		{60374C20-87D9-451F-96E6-E218F842968C}.Debug|Any CPU.ActiveCfg = Debug|Any CPU
		{60374C20-87D9-451F-96E6-E218F842968C}.Debug|Any CPU.Build.0 = Debug|Any CPU
		{60374C20-87D9-451F-96E6-E218F842968C}.Release|Any CPU.ActiveCfg = Release|Any CPU
		{60374C20-87D9-451F-96E6-E218F842968C}.Release|Any CPU.Build.0 = Release|Any CPU
		{38AAE2D8-37BC-4095-A059-3F8CA2DEB67D}.Debug|Any CPU.ActiveCfg = Debug|Any CPU
		{38AAE2D8-37BC-4095-A059-3F8CA2DEB67D}.Debug|Any CPU.Build.0 = Debug|Any CPU
		{38AAE2D8-37BC-4095-A059-3F8CA2DEB67D}.Release|Any CPU.ActiveCfg = Release|Any CPU
		{38AAE2D8-37BC-4095-A059-3F8CA2DEB67D}.Release|Any CPU.Build.0 = Release|Any CPU
		{C3AB7A18-B153-4625-B78F-3F25B2312133}.Debug|Any CPU.ActiveCfg = Debug|Any CPU
		{C3AB7A18-B153-4625-B78F-3F25B2312133}.Debug|Any CPU.Build.0 = Debug|Any CPU
		{C3AB7A18-B153-4625-B78F-3F25B2312133}.Release|Any CPU.ActiveCfg = Release|Any CPU
		{C3AB7A18-B153-4625-B78F-3F25B2312133}.Release|Any CPU.Build.0 = Release|Any CPU
		{EEDAAA8C-577D-4C61-9A0B-C0C49EDED07D}.Debug|Any CPU.ActiveCfg = Debug|Any CPU
		{EEDAAA8C-577D-4C61-9A0B-C0C49EDED07D}.Debug|Any CPU.Build.0 = Debug|Any CPU
		{EEDAAA8C-577D-4C61-9A0B-C0C49EDED07D}.Release|Any CPU.ActiveCfg = Release|Any CPU
		{EEDAAA8C-577D-4C61-9A0B-C0C49EDED07D}.Release|Any CPU.Build.0 = Release|Any CPU
		{69ABC71E-0E58-4E02-ACA9-4821A129B736}.Debug|Any CPU.ActiveCfg = Debug|Any CPU
		{69ABC71E-0E58-4E02-ACA9-4821A129B736}.Debug|Any CPU.Build.0 = Debug|Any CPU
		{69ABC71E-0E58-4E02-ACA9-4821A129B736}.Release|Any CPU.ActiveCfg = Release|Any CPU
		{69ABC71E-0E58-4E02-ACA9-4821A129B736}.Release|Any CPU.Build.0 = Release|Any CPU
		{277EC9EF-932F-4746-B0EC-C0F085851127}.Debug|Any CPU.ActiveCfg = Debug|Any CPU
		{277EC9EF-932F-4746-B0EC-C0F085851127}.Debug|Any CPU.Build.0 = Debug|Any CPU
		{277EC9EF-932F-4746-B0EC-C0F085851127}.Release|Any CPU.ActiveCfg = Release|Any CPU
		{277EC9EF-932F-4746-B0EC-C0F085851127}.Release|Any CPU.Build.0 = Release|Any CPU
		{B67EEEAA-F360-4AB5-BE8F-30E6C3C348A7}.Debug|Any CPU.ActiveCfg = Debug|Any CPU
		{B67EEEAA-F360-4AB5-BE8F-30E6C3C348A7}.Debug|Any CPU.Build.0 = Debug|Any CPU
		{B67EEEAA-F360-4AB5-BE8F-30E6C3C348A7}.Release|Any CPU.ActiveCfg = Release|Any CPU
		{B67EEEAA-F360-4AB5-BE8F-30E6C3C348A7}.Release|Any CPU.Build.0 = Release|Any CPU
		{5909A6BE-7097-4E15-BDAB-8411831BA16A}.Debug|Any CPU.ActiveCfg = Debug|Any CPU
		{5909A6BE-7097-4E15-BDAB-8411831BA16A}.Debug|Any CPU.Build.0 = Debug|Any CPU
		{5909A6BE-7097-4E15-BDAB-8411831BA16A}.Release|Any CPU.ActiveCfg = Release|Any CPU
		{5909A6BE-7097-4E15-BDAB-8411831BA16A}.Release|Any CPU.Build.0 = Release|Any CPU
		{A6A3DE68-8E84-4824-8379-CD44BEEFC855}.Debug|Any CPU.ActiveCfg = Debug|Any CPU
		{A6A3DE68-8E84-4824-8379-CD44BEEFC855}.Debug|Any CPU.Build.0 = Debug|Any CPU
		{A6A3DE68-8E84-4824-8379-CD44BEEFC855}.Release|Any CPU.ActiveCfg = Release|Any CPU
		{A6A3DE68-8E84-4824-8379-CD44BEEFC855}.Release|Any CPU.Build.0 = Release|Any CPU
		{019B901E-E68D-4AF4-A0CC-FF65D79AA2E7}.Debug|Any CPU.ActiveCfg = Debug|Any CPU
		{019B901E-E68D-4AF4-A0CC-FF65D79AA2E7}.Debug|Any CPU.Build.0 = Debug|Any CPU
		{019B901E-E68D-4AF4-A0CC-FF65D79AA2E7}.Release|Any CPU.ActiveCfg = Release|Any CPU
		{019B901E-E68D-4AF4-A0CC-FF65D79AA2E7}.Release|Any CPU.Build.0 = Release|Any CPU
	EndGlobalSection
	GlobalSection(SolutionProperties) = preSolution
		HideSolutionNode = FALSE
	EndGlobalSection
	GlobalSection(ExtensibilityGlobals) = postSolution
		SolutionGuid = {F4D5202A-FEEF-4FEE-B38C-3A14FE34E9A7}
	EndGlobalSection
EndGlobal
